
Microsoft Visual Studio Solution File, Format Version 12.00
# Visual Studio Version 17
VisualStudioVersion = 17.2.32526.322
MinimumVisualStudioVersion = 10.0.40219.1
Project("{FAE04EC0-301F-11D3-BF4B-00C04F79EFBC}") = "Shadow.Pipeline.Core", "Shadow.Pipeline.Core\Shadow.Pipeline.Core.csproj", "{62E149B0-70BA-4D7B-9E70-4BEE6E984BB4}"
EndProject
Project("{FAE04EC0-301F-11D3-BF4B-00C04F79EFBC}") = "Shadow.Pipeline.Core.Tests", "Shadow.Pipeline.Core.Tests\Shadow.Pipeline.Core.Tests.csproj", "{0449BC35-8BBB-4C91-8C24-6E71C8FFF39F}"
EndProject
Global
	GlobalSection(SolutionConfigurationPlatforms) = preSolution
		Debug|Any CPU = Debug|Any CPU
		Release|Any CPU = Release|Any CPU
	EndGlobalSection
	GlobalSection(ProjectConfigurationPlatforms) = postSolution
		{62E149B0-70BA-4D7B-9E70-4BEE6E984BB4}.Debug|Any CPU.ActiveCfg = Debug|Any CPU
		{62E149B0-70BA-4D7B-9E70-4BEE6E984BB4}.Debug|Any CPU.Build.0 = Debug|Any CPU
		{62E149B0-70BA-4D7B-9E70-4BEE6E984BB4}.Release|Any CPU.ActiveCfg = Release|Any CPU
		{62E149B0-70BA-4D7B-9E70-4BEE6E984BB4}.Release|Any CPU.Build.0 = Release|Any CPU
		{0449BC35-8BBB-4C91-8C24-6E71C8FFF39F}.Debug|Any CPU.ActiveCfg = Debug|Any CPU
		{0449BC35-8BBB-4C91-8C24-6E71C8FFF39F}.Debug|Any CPU.Build.0 = Debug|Any CPU
		{0449BC35-8BBB-4C91-8C24-6E71C8FFF39F}.Release|Any CPU.ActiveCfg = Release|Any CPU
		{0449BC35-8BBB-4C91-8C24-6E71C8FFF39F}.Release|Any CPU.Build.0 = Release|Any CPU
	EndGlobalSection
	GlobalSection(SolutionProperties) = preSolution
		HideSolutionNode = FALSE
	EndGlobalSection
	GlobalSection(ExtensibilityGlobals) = postSolution
		SolutionGuid = {D6CB750F-7155-4C32-B917-4048C046DD72}
	EndGlobalSection
EndGlobal
